
Microsoft Visual Studio Solution File, Format Version 12.00
# Visual Studio Version 17
VisualStudioVersion = 17.2.32630.192
MinimumVisualStudioVersion = 10.0.40219.1
Project("{FAE04EC0-301F-11D3-BF4B-00C04F79EFBC}") = "Wiki", "Wiki\Wiki.csproj", "{F873718B-2522-401C-A3DE-07CB1B354CCD}"
EndProject
Global
	GlobalSection(SolutionConfigurationPlatforms) = preSolution
		Debug|Any CPU = Debug|Any CPU
		Release|Any CPU = Release|Any CPU
	EndGlobalSection
	GlobalSection(ProjectConfigurationPlatforms) = postSolution
		{F873718B-2522-401C-A3DE-07CB1B354CCD}.Debug|Any CPU.ActiveCfg = Debug|Any CPU
		{F873718B-2522-401C-A3DE-07CB1B354CCD}.Debug|Any CPU.Build.0 = Debug|Any CPU
		{F873718B-2522-401C-A3DE-07CB1B354CCD}.Release|Any CPU.ActiveCfg = Release|Any CPU
		{F873718B-2522-401C-A3DE-07CB1B354CCD}.Release|Any CPU.Build.0 = Release|Any CPU
	EndGlobalSection
	GlobalSection(SolutionProperties) = preSolution
		HideSolutionNode = FALSE
	EndGlobalSection
	GlobalSection(ExtensibilityGlobals) = postSolution
		SolutionGuid = {C119DF84-9679-411E-9B67-A1AAD2034A67}
	EndGlobalSection
EndGlobal
